// !$*UTF8*$!
{
	archiveVersion = 1;
	classes = {
	};
	objectVersion = 46;
	objects = {

/* Begin PBXBuildFile section */
		9D6885AA1BB6EB380000B906 /* main.m in Sources */ = {isa = PBXBuildFile; fileRef = 9D6885A91BB6EB380000B906 /* main.m */; };
		9D6885AD1BB6EB380000B906 /* AppDelegate.m in Sources */ = {isa = PBXBuildFile; fileRef = 9D6885AC1BB6EB380000B906 /* AppDelegate.m */; };
		9D6885B51BB6EB390000B906 /* Images.xcassets in Resources */ = {isa = PBXBuildFile; fileRef = 9D6885B41BB6EB390000B906 /* Images.xcassets */; };
		9D6885B81BB6EB390000B906 /* LaunchScreen.xib in Resources */ = {isa = PBXBuildFile; fileRef = 9D6885B61BB6EB390000B906 /* LaunchScreen.xib */; };
		9D6885C41BB6EB390000B906 /* ImgSearchTests.m in Sources */ = {isa = PBXBuildFile; fileRef = 9D6885C31BB6EB390000B906 /* ImgSearchTests.m */; };
		9D6885D21BB6F43C0000B906 /* HomePageViewController.m in Sources */ = {isa = PBXBuildFile; fileRef = 9D6885D01BB6F43C0000B906 /* HomePageViewController.m */; };
		9D6885D31BB6F43C0000B906 /* HomePageViewController.xib in Resources */ = {isa = PBXBuildFile; fileRef = 9D6885D11BB6F43C0000B906 /* HomePageViewController.xib */; };
		9D6885D61BB6F4DB0000B906 /* ImageLoader.m in Sources */ = {isa = PBXBuildFile; fileRef = 9D6885D51BB6F4DB0000B906 /* ImageLoader.m */; };
		BB5681651D1693322149149F /* libPods.a in Frameworks */ = {isa = PBXBuildFile; fileRef = 934B28A89D2F25D7AEBC1195 /* libPods.a */; };
/* End PBXBuildFile section */

/* Begin PBXContainerItemProxy section */
		9D6885BE1BB6EB390000B906 /* PBXContainerItemProxy */ = {
			isa = PBXContainerItemProxy;
			containerPortal = 9D68859C1BB6EB370000B906 /* Project object */;
			proxyType = 1;
			remoteGlobalIDString = 9D6885A31BB6EB370000B906;
			remoteInfo = ImgSearch;
		};
/* End PBXContainerItemProxy section */

/* Begin PBXFileReference section */
		72B82BC1B6CDB8D984BCD829 /* Pods.debug.xcconfig */ = {isa = PBXFileReference; includeInIndex = 1; lastKnownFileType = text.xcconfig; name = Pods.debug.xcconfig; path = "Pods/Target Support Files/Pods/Pods.debug.xcconfig"; sourceTree = "<group>"; };
		934B28A89D2F25D7AEBC1195 /* libPods.a */ = {isa = PBXFileReference; explicitFileType = archive.ar; includeInIndex = 0; path = libPods.a; sourceTree = BUILT_PRODUCTS_DIR; };
		99350C9F756E18BE45359805 /* Pods.release.xcconfig */ = {isa = PBXFileReference; includeInIndex = 1; lastKnownFileType = text.xcconfig; name = Pods.release.xcconfig; path = "Pods/Target Support Files/Pods/Pods.release.xcconfig"; sourceTree = "<group>"; };
		9D6885A41BB6EB380000B906 /* ImgSearch.app */ = {isa = PBXFileReference; explicitFileType = wrapper.application; includeInIndex = 0; path = ImgSearch.app; sourceTree = BUILT_PRODUCTS_DIR; };
		9D6885A81BB6EB380000B906 /* Info.plist */ = {isa = PBXFileReference; lastKnownFileType = text.plist.xml; path = Info.plist; sourceTree = "<group>"; };
		9D6885A91BB6EB380000B906 /* main.m */ = {isa = PBXFileReference; lastKnownFileType = sourcecode.c.objc; path = main.m; sourceTree = "<group>"; };
		9D6885AB1BB6EB380000B906 /* AppDelegate.h */ = {isa = PBXFileReference; lastKnownFileType = sourcecode.c.h; path = AppDelegate.h; sourceTree = "<group>"; };
		9D6885AC1BB6EB380000B906 /* AppDelegate.m */ = {isa = PBXFileReference; lastKnownFileType = sourcecode.c.objc; path = AppDelegate.m; sourceTree = "<group>"; };
		9D6885B41BB6EB390000B906 /* Images.xcassets */ = {isa = PBXFileReference; lastKnownFileType = folder.assetcatalog; path = Images.xcassets; sourceTree = "<group>"; };
		9D6885B71BB6EB390000B906 /* Base */ = {isa = PBXFileReference; lastKnownFileType = file.xib; name = Base; path = Base.lproj/LaunchScreen.xib; sourceTree = "<group>"; };
		9D6885BD1BB6EB390000B906 /* ImgSearchTests.xctest */ = {isa = PBXFileReference; explicitFileType = wrapper.cfbundle; includeInIndex = 0; path = ImgSearchTests.xctest; sourceTree = BUILT_PRODUCTS_DIR; };
		9D6885C21BB6EB390000B906 /* Info.plist */ = {isa = PBXFileReference; lastKnownFileType = text.plist.xml; path = Info.plist; sourceTree = "<group>"; };
		9D6885C31BB6EB390000B906 /* ImgSearchTests.m */ = {isa = PBXFileReference; lastKnownFileType = sourcecode.c.objc; path = ImgSearchTests.m; sourceTree = "<group>"; };
		9D6885CF1BB6F43C0000B906 /* HomePageViewController.h */ = {isa = PBXFileReference; fileEncoding = 4; lastKnownFileType = sourcecode.c.h; path = HomePageViewController.h; sourceTree = "<group>"; };
		9D6885D01BB6F43C0000B906 /* HomePageViewController.m */ = {isa = PBXFileReference; fileEncoding = 4; lastKnownFileType = sourcecode.c.objc; path = HomePageViewController.m; sourceTree = "<group>"; };
		9D6885D11BB6F43C0000B906 /* HomePageViewController.xib */ = {isa = PBXFileReference; fileEncoding = 4; lastKnownFileType = file.xib; path = HomePageViewController.xib; sourceTree = "<group>"; };
		9D6885D41BB6F4DB0000B906 /* ImageLoader.h */ = {isa = PBXFileReference; fileEncoding = 4; lastKnownFileType = sourcecode.c.h; path = ImageLoader.h; sourceTree = "<group>"; };
		9D6885D51BB6F4DB0000B906 /* ImageLoader.m */ = {isa = PBXFileReference; fileEncoding = 4; lastKnownFileType = sourcecode.c.objc; path = ImageLoader.m; sourceTree = "<group>"; };
/* End PBXFileReference section */

/* Begin PBXFrameworksBuildPhase section */
		9D6885A11BB6EB370000B906 /* Frameworks */ = {
			isa = PBXFrameworksBuildPhase;
			buildActionMask = 2147483647;
			files = (
				BB5681651D1693322149149F /* libPods.a in Frameworks */,
			);
			runOnlyForDeploymentPostprocessing = 0;
		};
		9D6885BA1BB6EB390000B906 /* Frameworks */ = {
			isa = PBXFrameworksBuildPhase;
			buildActionMask = 2147483647;
			files = (
			);
			runOnlyForDeploymentPostprocessing = 0;
		};
/* End PBXFrameworksBuildPhase section */

/* Begin PBXGroup section */
		9145815D21DCCB53128CD1AB /* Frameworks */ = {
			isa = PBXGroup;
			children = (
				934B28A89D2F25D7AEBC1195 /* libPods.a */,
			);
			name = Frameworks;
			sourceTree = "<group>";
		};
		9D68859B1BB6EB370000B906 = {
			isa = PBXGroup;
			children = (
				9D6885A61BB6EB380000B906 /* ImgSearch */,
				9D6885C01BB6EB390000B906 /* ImgSearchTests */,
				9D6885A51BB6EB380000B906 /* Products */,
				BFA8173B84C70D6C671A523C /* Pods */,
				9145815D21DCCB53128CD1AB /* Frameworks */,
			);
			sourceTree = "<group>";
		};
		9D6885A51BB6EB380000B906 /* Products */ = {
			isa = PBXGroup;
			children = (
				9D6885A41BB6EB380000B906 /* ImgSearch.app */,
				9D6885BD1BB6EB390000B906 /* ImgSearchTests.xctest */,
			);
			name = Products;
			sourceTree = "<group>";
		};
		9D6885A61BB6EB380000B906 /* ImgSearch */ = {
			isa = PBXGroup;
			children = (
				9D6885AB1BB6EB380000B906 /* AppDelegate.h */,
				9D6885AC1BB6EB380000B906 /* AppDelegate.m */,
				9D6885CD1BB6F4180000B906 /* View Controllers */,
				9D6885CE1BB6F4230000B906 /* Helpers */,
				9D6885B41BB6EB390000B906 /* Images.xcassets */,
				9D6885B61BB6EB390000B906 /* LaunchScreen.xib */,
				9D6885A71BB6EB380000B906 /* Supporting Files */,
			);
			path = ImgSearch;
			sourceTree = "<group>";
		};
		9D6885A71BB6EB380000B906 /* Supporting Files */ = {
			isa = PBXGroup;
			children = (
				9D6885A81BB6EB380000B906 /* Info.plist */,
				9D6885A91BB6EB380000B906 /* main.m */,
			);
			name = "Supporting Files";
			sourceTree = "<group>";
		};
		9D6885C01BB6EB390000B906 /* ImgSearchTests */ = {
			isa = PBXGroup;
			children = (
				9D6885C31BB6EB390000B906 /* ImgSearchTests.m */,
				9D6885C11BB6EB390000B906 /* Supporting Files */,
			);
			path = ImgSearchTests;
			sourceTree = "<group>";
		};
		9D6885C11BB6EB390000B906 /* Supporting Files */ = {
			isa = PBXGroup;
			children = (
				9D6885C21BB6EB390000B906 /* Info.plist */,
			);
			name = "Supporting Files";
			sourceTree = "<group>";
		};
		9D6885CD1BB6F4180000B906 /* View Controllers */ = {
			isa = PBXGroup;
			children = (
				9D6885CF1BB6F43C0000B906 /* HomePageViewController.h */,
				9D6885D01BB6F43C0000B906 /* HomePageViewController.m */,
				9D6885D11BB6F43C0000B906 /* HomePageViewController.xib */,
			);
			name = "View Controllers";
			sourceTree = "<group>";
		};
		9D6885CE1BB6F4230000B906 /* Helpers */ = {
			isa = PBXGroup;
			children = (
				9D6885D41BB6F4DB0000B906 /* ImageLoader.h */,
				9D6885D51BB6F4DB0000B906 /* ImageLoader.m */,
			);
			name = Helpers;
			sourceTree = "<group>";
		};
		BFA8173B84C70D6C671A523C /* Pods */ = {
			isa = PBXGroup;
			children = (
				72B82BC1B6CDB8D984BCD829 /* Pods.debug.xcconfig */,
				99350C9F756E18BE45359805 /* Pods.release.xcconfig */,
			);
			name = Pods;
			sourceTree = "<group>";
		};
/* End PBXGroup section */

/* Begin PBXNativeTarget section */
		9D6885A31BB6EB370000B906 /* ImgSearch */ = {
			isa = PBXNativeTarget;
			buildConfigurationList = 9D6885C71BB6EB390000B906 /* Build configuration list for PBXNativeTarget "ImgSearch" */;
			buildPhases = (
				F5CFBE0EB1EDA5A4FCEF504F /* Check Pods Manifest.lock */,
				9D6885A01BB6EB370000B906 /* Sources */,
				9D6885A11BB6EB370000B906 /* Frameworks */,
				9D6885A21BB6EB370000B906 /* Resources */,
				F9DD0F758331270E8AC6CDE8 /* Copy Pods Resources */,
			);
			buildRules = (
			);
			dependencies = (
			);
			name = ImgSearch;
			productName = ImgSearch;
			productReference = 9D6885A41BB6EB380000B906 /* ImgSearch.app */;
			productType = "com.apple.product-type.application";
		};
		9D6885BC1BB6EB390000B906 /* ImgSearchTests */ = {
			isa = PBXNativeTarget;
			buildConfigurationList = 9D6885CA1BB6EB390000B906 /* Build configuration list for PBXNativeTarget "ImgSearchTests" */;
			buildPhases = (
				9D6885B91BB6EB390000B906 /* Sources */,
				9D6885BA1BB6EB390000B906 /* Frameworks */,
				9D6885BB1BB6EB390000B906 /* Resources */,
			);
			buildRules = (
			);
			dependencies = (
				9D6885BF1BB6EB390000B906 /* PBXTargetDependency */,
			);
			name = ImgSearchTests;
			productName = ImgSearchTests;
			productReference = 9D6885BD1BB6EB390000B906 /* ImgSearchTests.xctest */;
			productType = "com.apple.product-type.bundle.unit-test";
		};
/* End PBXNativeTarget section */

/* Begin PBXProject section */
		9D68859C1BB6EB370000B906 /* Project object */ = {
			isa = PBXProject;
			attributes = {
				LastUpgradeCheck = 0610;
				ORGANIZATIONNAME = HomeOffice;
				TargetAttributes = {
					9D6885A31BB6EB370000B906 = {
						CreatedOnToolsVersion = 6.1.1;
					};
					9D6885BC1BB6EB390000B906 = {
						CreatedOnToolsVersion = 6.1.1;
						TestTargetID = 9D6885A31BB6EB370000B906;
					};
				};
			};
			buildConfigurationList = 9D68859F1BB6EB370000B906 /* Build configuration list for PBXProject "ImgSearch" */;
			compatibilityVersion = "Xcode 3.2";
			developmentRegion = English;
			hasScannedForEncodings = 0;
			knownRegions = (
				en,
				Base,
			);
			mainGroup = 9D68859B1BB6EB370000B906;
			productRefGroup = 9D6885A51BB6EB380000B906 /* Products */;
			projectDirPath = "";
			projectRoot = "";
			targets = (
				9D6885A31BB6EB370000B906 /* ImgSearch */,
				9D6885BC1BB6EB390000B906 /* ImgSearchTests */,
			);
		};
/* End PBXProject section */

/* Begin PBXResourcesBuildPhase section */
		9D6885A21BB6EB370000B906 /* Resources */ = {
			isa = PBXResourcesBuildPhase;
			buildActionMask = 2147483647;
			files = (
				9D6885B81BB6EB390000B906 /* LaunchScreen.xib in Resources */,
				9D6885D31BB6F43C0000B906 /* HomePageViewController.xib in Resources */,
				9D6885B51BB6EB390000B906 /* Images.xcassets in Resources */,
			);
			runOnlyForDeploymentPostprocessing = 0;
		};
		9D6885BB1BB6EB390000B906 /* Resources */ = {
			isa = PBXResourcesBuildPhase;
			buildActionMask = 2147483647;
			files = (
			);
			runOnlyForDeploymentPostprocessing = 0;
		};
/* End PBXResourcesBuildPhase section */

/* Begin PBXShellScriptBuildPhase section */
		F5CFBE0EB1EDA5A4FCEF504F /* Check Pods Manifest.lock */ = {
			isa = PBXShellScriptBuildPhase;
			buildActionMask = 2147483647;
			files = (
			);
			inputPaths = (
			);
			name = "Check Pods Manifest.lock";
			outputPaths = (
			);
			runOnlyForDeploymentPostprocessing = 0;
			shellPath = /bin/sh;
			shellScript = "diff \"${PODS_ROOT}/../Podfile.lock\" \"${PODS_ROOT}/Manifest.lock\" > /dev/null\nif [[ $? != 0 ]] ; then\n    cat << EOM\nerror: The sandbox is not in sync with the Podfile.lock. Run 'pod install' or update your CocoaPods installation.\nEOM\n    exit 1\nfi\n";
			showEnvVarsInLog = 0;
		};
		F9DD0F758331270E8AC6CDE8 /* Copy Pods Resources */ = {
			isa = PBXShellScriptBuildPhase;
			buildActionMask = 2147483647;
			files = (
			);
			inputPaths = (
			);
			name = "Copy Pods Resources";
			outputPaths = (
			);
			runOnlyForDeploymentPostprocessing = 0;
			shellPath = /bin/sh;
			shellScript = "\"${SRCROOT}/Pods/Target Support Files/Pods/Pods-resources.sh\"\n";
			showEnvVarsInLog = 0;
		};
/* End PBXShellScriptBuildPhase section */

/* Begin PBXSourcesBuildPhase section */
		9D6885A01BB6EB370000B906 /* Sources */ = {
			isa = PBXSourcesBuildPhase;
			buildActionMask = 2147483647;
			files = (
				9D6885AD1BB6EB380000B906 /* AppDelegate.m in Sources */,
				9D6885AA1BB6EB380000B906 /* main.m in Sources */,
				9D6885D61BB6F4DB0000B906 /* ImageLoader.m in Sources */,
				9D6885D21BB6F43C0000B906 /* HomePageViewController.m in Sources */,
			);
			runOnlyForDeploymentPostprocessing = 0;
		};
		9D6885B91BB6EB390000B906 /* Sources */ = {
			isa = PBXSourcesBuildPhase;
			buildActionMask = 2147483647;
			files = (
				9D6885C41BB6EB390000B906 /* ImgSearchTests.m in Sources */,
			);
			runOnlyForDeploymentPostprocessing = 0;
		};
/* End PBXSourcesBuildPhase section */

/* Begin PBXTargetDependency section */
		9D6885BF1BB6EB390000B906 /* PBXTargetDependency */ = {
			isa = PBXTargetDependency;
			target = 9D6885A31BB6EB370000B906 /* ImgSearch */;
			targetProxy = 9D6885BE1BB6EB390000B906 /* PBXContainerItemProxy */;
		};
/* End PBXTargetDependency section */

/* Begin PBXVariantGroup section */
		9D6885B61BB6EB390000B906 /* LaunchScreen.xib */ = {
			isa = PBXVariantGroup;
			children = (
				9D6885B71BB6EB390000B906 /* Base */,
			);
			name = LaunchScreen.xib;
			sourceTree = "<group>";
		};
/* End PBXVariantGroup section */

/* Begin XCBuildConfiguration section */
		9D6885C51BB6EB390000B906 /* Debug */ = {
			isa = XCBuildConfiguration;
			buildSettings = {
				ALWAYS_SEARCH_USER_PATHS = NO;
				CLANG_CXX_LANGUAGE_STANDARD = "gnu++0x";
				CLANG_CXX_LIBRARY = "libc++";
				CLANG_ENABLE_MODULES = YES;
				CLANG_ENABLE_OBJC_ARC = YES;
				CLANG_WARN_BOOL_CONVERSION = YES;
				CLANG_WARN_CONSTANT_CONVERSION = YES;
				CLANG_WARN_DIRECT_OBJC_ISA_USAGE = YES_ERROR;
				CLANG_WARN_EMPTY_BODY = YES;
				CLANG_WARN_ENUM_CONVERSION = YES;
				CLANG_WARN_INT_CONVERSION = YES;
				CLANG_WARN_OBJC_ROOT_CLASS = YES_ERROR;
				CLANG_WARN_UNREACHABLE_CODE = YES;
				CLANG_WARN__DUPLICATE_METHOD_MATCH = YES;
				"CODE_SIGN_IDENTITY[sdk=iphoneos*]" = "iPhone Developer";
				COPY_PHASE_STRIP = NO;
				ENABLE_STRICT_OBJC_MSGSEND = YES;
				GCC_C_LANGUAGE_STANDARD = gnu99;
				GCC_DYNAMIC_NO_PIC = NO;
				GCC_OPTIMIZATION_LEVEL = 0;
				GCC_PREPROCESSOR_DEFINITIONS = (
					"DEBUG=1",
					"$(inherited)",
				);
				GCC_SYMBOLS_PRIVATE_EXTERN = NO;
				GCC_WARN_64_TO_32_BIT_CONVERSION = YES;
				GCC_WARN_ABOUT_RETURN_TYPE = YES_ERROR;
				GCC_WARN_UNDECLARED_SELECTOR = YES;
				GCC_WARN_UNINITIALIZED_AUTOS = YES_AGGRESSIVE;
				GCC_WARN_UNUSED_FUNCTION = YES;
				GCC_WARN_UNUSED_VARIABLE = YES;
				IPHONEOS_DEPLOYMENT_TARGET = 8.1;
				MTL_ENABLE_DEBUG_INFO = YES;
				ONLY_ACTIVE_ARCH = YES;
				SDKROOT = iphoneos;
			};
			name = Debug;
		};
		9D6885C61BB6EB390000B906 /* Release */ = {
			isa = XCBuildConfiguration;
			buildSettings = {
				ALWAYS_SEARCH_USER_PATHS = NO;
				CLANG_CXX_LANGUAGE_STANDARD = "gnu++0x";
				CLANG_CXX_LIBRARY = "libc++";
				CLANG_ENABLE_MODULES = YES;
				CLANG_ENABLE_OBJC_ARC = YES;
				CLANG_WARN_BOOL_CONVERSION = YES;
				CLANG_WARN_CONSTANT_CONVERSION = YES;
				CLANG_WARN_DIRECT_OBJC_ISA_USAGE = YES_ERROR;
				CLANG_WARN_EMPTY_BODY = YES;
				CLANG_WARN_ENUM_CONVERSION = YES;
				CLANG_WARN_INT_CONVERSION = YES;
				CLANG_WARN_OBJC_ROOT_CLASS = YES_ERROR;
				CLANG_WARN_UNREACHABLE_CODE = YES;
				CLANG_WARN__DUPLICATE_METHOD_MATCH = YES;
				"CODE_SIGN_IDENTITY[sdk=iphoneos*]" = "iPhone Developer";
				COPY_PHASE_STRIP = YES;
				ENABLE_NS_ASSERTIONS = NO;
				ENABLE_STRICT_OBJC_MSGSEND = YES;
				GCC_C_LANGUAGE_STANDARD = gnu99;
				GCC_WARN_64_TO_32_BIT_CONVERSION = YES;
				GCC_WARN_ABOUT_RETURN_TYPE = YES_ERROR;
				GCC_WARN_UNDECLARED_SELECTOR = YES;
				GCC_WARN_UNINITIALIZED_AUTOS = YES_AGGRESSIVE;
				GCC_WARN_UNUSED_FUNCTION = YES;
				GCC_WARN_UNUSED_VARIABLE = YES;
				IPHONEOS_DEPLOYMENT_TARGET = 8.1;
				MTL_ENABLE_DEBUG_INFO = NO;
				SDKROOT = iphoneos;
				VALIDATE_PRODUCT = YES;
			};
			name = Release;
		};
		9D6885C81BB6EB390000B906 /* Debug */ = {
			isa = XCBuildConfiguration;
			baseConfigurationReference = 72B82BC1B6CDB8D984BCD829 /* Pods.debug.xcconfig */;
			buildSettings = {
				ASSETCATALOG_COMPILER_APPICON_NAME = AppIcon;
				INFOPLIST_FILE = ImgSearch/Info.plist;
				LD_RUNPATH_SEARCH_PATHS = "$(inherited) @executable_path/Frameworks";
				PRODUCT_NAME = "$(TARGET_NAME)";
			};
			name = Debug;
		};
		9D6885C91BB6EB390000B906 /* Release */ = {
			isa = XCBuildConfiguration;
			baseConfigurationReference = 99350C9F756E18BE45359805 /* Pods.release.xcconfig */;
			buildSettings = {
				ASSETCATALOG_COMPILER_APPICON_NAME = AppIcon;
				INFOPLIST_FILE = ImgSearch/Info.plist;
				LD_RUNPATH_SEARCH_PATHS = "$(inherited) @executable_path/Frameworks";
				PRODUCT_NAME = "$(TARGET_NAME)";
			};
			name = Release;
		};
		9D6885CB1BB6EB390000B906 /* Debug */ = {
			isa = XCBuildConfiguration;
			buildSettings = {
				BUNDLE_LOADER = "$(TEST_HOST)";
				FRAMEWORK_SEARCH_PATHS = (
					"$(SDKROOT)/Developer/Library/Frameworks",
					"$(inherited)",
				);
				GCC_PREPROCESSOR_DEFINITIONS = (
					"DEBUG=1",
					"$(inherited)",
				);
				INFOPLIST_FILE = ImgSearchTests/Info.plist;
				LD_RUNPATH_SEARCH_PATHS = "$(inherited) @executable_path/Frameworks @loader_path/Frameworks";
				PRODUCT_NAME = "$(TARGET_NAME)";
				TEST_HOST = "$(BUILT_PRODUCTS_DIR)/ImgSearch.app/ImgSearch";
			};
			name = Debug;
		};
		9D6885CC1BB6EB390000B906 /* Release */ = {
			isa = XCBuildConfiguration;
			buildSettings = {
				BUNDLE_LOADER = "$(TEST_HOST)";
				FRAMEWORK_SEARCH_PATHS = (
					"$(SDKROOT)/Developer/Library/Frameworks",
					"$(inherited)",
				);
				INFOPLIST_FILE = ImgSearchTests/Info.plist;
				LD_RUNPATH_SEARCH_PATHS = "$(inherited) @executable_path/Frameworks @loader_path/Frameworks";
				PRODUCT_NAME = "$(TARGET_NAME)";
				TEST_HOST = "$(BUILT_PRODUCTS_DIR)/ImgSearch.app/ImgSearch";
			};
			name = Release;
		};
/* End XCBuildConfiguration section */

/* Begin XCConfigurationList section */
		9D68859F1BB6EB370000B906 /* Build configuration list for PBXProject "ImgSearch" */ = {
			isa = XCConfigurationList;
			buildConfigurations = (
				9D6885C51BB6EB390000B906 /* Debug */,
				9D6885C61BB6EB390000B906 /* Release */,
			);
			defaultConfigurationIsVisible = 0;
			defaultConfigurationName = Release;
		};
		9D6885C71BB6EB390000B906 /* Build configuration list for PBXNativeTarget "ImgSearch" */ = {
			isa = XCConfigurationList;
			buildConfigurations = (
				9D6885C81BB6EB390000B906 /* Debug */,
				9D6885C91BB6EB390000B906 /* Release */,
			);
			defaultConfigurationIsVisible = 0;
			defaultConfigurationName = Release;
		};
		9D6885CA1BB6EB390000B906 /* Build configuration list for PBXNativeTarget "ImgSearchTests" */ = {
			isa = XCConfigurationList;
			buildConfigurations = (
				9D6885CB1BB6EB390000B906 /* Debug */,
				9D6885CC1BB6EB390000B906 /* Release */,
			);
			defaultConfigurationIsVisible = 0;
			defaultConfigurationName = Release;
		};
/* End XCConfigurationList section */
	};
	rootObject = 9D68859C1BB6EB370000B906 /* Project object */;
}
